
Microsoft Visual Studio Solution File, Format Version 12.00
# Visual Studio Version 17
VisualStudioVersion = 17.7.34221.43
MinimumVisualStudioVersion = 10.0.40219.1
Project("{FAE04EC0-301F-11D3-BF4B-00C04F79EFBC}") = "WebAPI", "WebAPI\WebAPI.csproj", "{4C028A86-E0CD-409D-A068-CFB6453E9D14}"
EndProject
Project("{FAE04EC0-301F-11D3-BF4B-00C04F79EFBC}") = "Konya_Zoltan_Lab11", "Konya_Zoltan_Lab11\Konya_Zoltan_Lab11.csproj", "{0E9E7B2E-1098-464E-8AC7-D65E2FD1A298}"
EndProject
Global
	GlobalSection(SolutionConfigurationPlatforms) = preSolution
		Debug|Any CPU = Debug|Any CPU
		Release|Any CPU = Release|Any CPU
	EndGlobalSection
	GlobalSection(ProjectConfigurationPlatforms) = postSolution
		{4C028A86-E0CD-409D-A068-CFB6453E9D14}.Debug|Any CPU.ActiveCfg = Debug|Any CPU
		{4C028A86-E0CD-409D-A068-CFB6453E9D14}.Debug|Any CPU.Build.0 = Debug|Any CPU
		{4C028A86-E0CD-409D-A068-CFB6453E9D14}.Release|Any CPU.ActiveCfg = Release|Any CPU
		{4C028A86-E0CD-409D-A068-CFB6453E9D14}.Release|Any CPU.Build.0 = Release|Any CPU
		{0E9E7B2E-1098-464E-8AC7-D65E2FD1A298}.Debug|Any CPU.ActiveCfg = Debug|Any CPU
		{0E9E7B2E-1098-464E-8AC7-D65E2FD1A298}.Debug|Any CPU.Build.0 = Debug|Any CPU
		{0E9E7B2E-1098-464E-8AC7-D65E2FD1A298}.Debug|Any CPU.Deploy.0 = Debug|Any CPU
		{0E9E7B2E-1098-464E-8AC7-D65E2FD1A298}.Release|Any CPU.ActiveCfg = Release|Any CPU
		{0E9E7B2E-1098-464E-8AC7-D65E2FD1A298}.Release|Any CPU.Build.0 = Release|Any CPU
		{0E9E7B2E-1098-464E-8AC7-D65E2FD1A298}.Release|Any CPU.Deploy.0 = Release|Any CPU
	EndGlobalSection
	GlobalSection(SolutionProperties) = preSolution
		HideSolutionNode = FALSE
	EndGlobalSection
	GlobalSection(ExtensibilityGlobals) = postSolution
		SolutionGuid = {99AF945E-704D-4C2D-971A-0194B650A0A7}
	EndGlobalSection
EndGlobal
